
Microsoft Visual Studio Solution File, Format Version 12.00
# Visual Studio Version 17
VisualStudioVersion = 17.13.35818.85 d17.13
MinimumVisualStudioVersion = 10.0.40219.1
Project("{FAE04EC0-301F-11D3-BF4B-00C04F79EFBC}") = "SoundTurner", "SoundTurner\SoundTurner.csproj", "{7154374C-87FE-47E7-BD09-A6A54635A929}"
EndProject
Global
	GlobalSection(SolutionConfigurationPlatforms) = preSolution
		Debug|Any CPU = Debug|Any CPU
		Release|Any CPU = Release|Any CPU
	EndGlobalSection
	GlobalSection(ProjectConfigurationPlatforms) = postSolution
		{7154374C-87FE-47E7-BD09-A6A54635A929}.Debug|Any CPU.ActiveCfg = Debug|Any CPU
		{7154374C-87FE-47E7-BD09-A6A54635A929}.Debug|Any CPU.Build.0 = Debug|Any CPU
		{7154374C-87FE-47E7-BD09-A6A54635A929}.Release|Any CPU.ActiveCfg = Release|Any CPU
		{7154374C-87FE-47E7-BD09-A6A54635A929}.Release|Any CPU.Build.0 = Release|Any CPU
	EndGlobalSection
	GlobalSection(SolutionProperties) = preSolution
		HideSolutionNode = FALSE
	EndGlobalSection
	GlobalSection(ExtensibilityGlobals) = postSolution
		SolutionGuid = {AF267A52-83D0-41AB-88A7-30CD8255086B}
	EndGlobalSection
EndGlobal
